// !$*UTF8*$!
{
	archiveVersion = 1;
	classes = {
	};
	objectVersion = 56;
	objects = {

/* Begin PBXBuildFile section */
		130D611729674702005DC0B7 /* AuthTemplateApp.swift in Sources */ = {isa = PBXBuildFile; fileRef = 130D611629674702005DC0B7 /* AuthTemplateApp.swift */; };
		130D611929674702005DC0B7 /* ContentView.swift in Sources */ = {isa = PBXBuildFile; fileRef = 130D611829674702005DC0B7 /* ContentView.swift */; };
		130D611B29674704005DC0B7 /* Assets.xcassets in Resources */ = {isa = PBXBuildFile; fileRef = 130D611A29674704005DC0B7 /* Assets.xcassets */; };
		130D611E29674704005DC0B7 /* Preview Assets.xcassets in Resources */ = {isa = PBXBuildFile; fileRef = 130D611D29674704005DC0B7 /* Preview Assets.xcassets */; };
		130D612829674704005DC0B7 /* AuthTemplateTests.swift in Sources */ = {isa = PBXBuildFile; fileRef = 130D612729674704005DC0B7 /* AuthTemplateTests.swift */; };
		130D613229674704005DC0B7 /* AuthTemplateUITests.swift in Sources */ = {isa = PBXBuildFile; fileRef = 130D613129674704005DC0B7 /* AuthTemplateUITests.swift */; };
		130D613429674704005DC0B7 /* AuthTemplateUITestsLaunchTests.swift in Sources */ = {isa = PBXBuildFile; fileRef = 130D613329674704005DC0B7 /* AuthTemplateUITestsLaunchTests.swift */; };
		130D614829674E60005DC0B7 /* ContentViewModel.swift in Sources */ = {isa = PBXBuildFile; fileRef = 130D614729674E60005DC0B7 /* ContentViewModel.swift */; };
		130D61682967525C005DC0B7 /* FirebaseAnalytics in Frameworks */ = {isa = PBXBuildFile; productRef = 130D61672967525C005DC0B7 /* FirebaseAnalytics */; };
		130D616A2967525C005DC0B7 /* FirebaseAuth in Frameworks */ = {isa = PBXBuildFile; productRef = 130D61692967525C005DC0B7 /* FirebaseAuth */; };
		130D616C2967525C005DC0B7 /* FirebaseAuthCombine-Community in Frameworks */ = {isa = PBXBuildFile; productRef = 130D616B2967525C005DC0B7 /* FirebaseAuthCombine-Community */; };
		130D616E2967525C005DC0B7 /* FirebaseFirestore in Frameworks */ = {isa = PBXBuildFile; productRef = 130D616D2967525C005DC0B7 /* FirebaseFirestore */; };
		130D61702967525C005DC0B7 /* FirebaseFirestoreSwift in Frameworks */ = {isa = PBXBuildFile; productRef = 130D616F2967525C005DC0B7 /* FirebaseFirestoreSwift */; };
		130D617629675660005DC0B7 /* LoginOptionsView.swift in Sources */ = {isa = PBXBuildFile; fileRef = 130D617529675660005DC0B7 /* LoginOptionsView.swift */; };
		130D617829675758005DC0B7 /* LoginOptionsViewModel.swift in Sources */ = {isa = PBXBuildFile; fileRef = 130D617729675758005DC0B7 /* LoginOptionsViewModel.swift */; };
		130D617C29675A28005DC0B7 /* EmailSignUpView.swift in Sources */ = {isa = PBXBuildFile; fileRef = 130D617B29675A28005DC0B7 /* EmailSignUpView.swift */; };
		130D6181296764ED005DC0B7 /* AuthenticationViewModel.swift in Sources */ = {isa = PBXBuildFile; fileRef = 130D6180296764ED005DC0B7 /* AuthenticationViewModel.swift */; };
		130D618929677623005DC0B7 /* AuthenticatedView.swift in Sources */ = {isa = PBXBuildFile; fileRef = 130D618829677623005DC0B7 /* AuthenticatedView.swift */; };
		13750BC629697EC800DCCF54 /* GoogleSignIn in Frameworks */ = {isa = PBXBuildFile; productRef = 13750BC529697EC800DCCF54 /* GoogleSignIn */; };
		13750BC829697EC800DCCF54 /* GoogleSignInSwift in Frameworks */ = {isa = PBXBuildFile; productRef = 13750BC729697EC800DCCF54 /* GoogleSignInSwift */; };
		13750BCB2969923B00DCCF54 /* UIApplication+Extension.swift in Sources */ = {isa = PBXBuildFile; fileRef = 13750BCA2969923B00DCCF54 /* UIApplication+Extension.swift */; };
		13750BCD2969926800DCCF54 /* GoogleAuthorization.swift in Sources */ = {isa = PBXBuildFile; fileRef = 13750BCC2969926800DCCF54 /* GoogleAuthorization.swift */; };
		13750BD4296B148A00DCCF54 /* GoogleService-Info.plist in Resources */ = {isa = PBXBuildFile; fileRef = 13750BD3296B148A00DCCF54 /* GoogleService-Info.plist */; };
		13A698E529680F770010AAF5 /* HomeView.swift in Sources */ = {isa = PBXBuildFile; fileRef = 13A698E429680F770010AAF5 /* HomeView.swift */; };
		13A698E8296810570010AAF5 /* UserProfileView.swift in Sources */ = {isa = PBXBuildFile; fileRef = 13A698E7296810570010AAF5 /* UserProfileView.swift */; };
		13A698EA29681A8A0010AAF5 /* AuthenticationView.swift in Sources */ = {isa = PBXBuildFile; fileRef = 13A698E929681A8A0010AAF5 /* AuthenticationView.swift */; };
		13A698EC29681C5D0010AAF5 /* EmailSignInView.swift in Sources */ = {isa = PBXBuildFile; fileRef = 13A698EB29681C5D0010AAF5 /* EmailSignInView.swift */; };
		13D61F142968465E005B4D0D /* EmailAuthorization.swift in Sources */ = {isa = PBXBuildFile; fileRef = 13D61F132968465E005B4D0D /* EmailAuthorization.swift */; };
		13D61F1629684688005B4D0D /* AppleAuthorization.swift in Sources */ = {isa = PBXBuildFile; fileRef = 13D61F1529684688005B4D0D /* AppleAuthorization.swift */; };
/* End PBXBuildFile section */

/* Begin PBXContainerItemProxy section */
		130D612429674704005DC0B7 /* PBXContainerItemProxy */ = {
			isa = PBXContainerItemProxy;
			containerPortal = 130D610B29674702005DC0B7 /* Project object */;
			proxyType = 1;
			remoteGlobalIDString = 130D611229674702005DC0B7;
			remoteInfo = AuthTemplate;
		};
		130D612E29674704005DC0B7 /* PBXContainerItemProxy */ = {
			isa = PBXContainerItemProxy;
			containerPortal = 130D610B29674702005DC0B7 /* Project object */;
			proxyType = 1;
			remoteGlobalIDString = 130D611229674702005DC0B7;
			remoteInfo = AuthTemplate;
		};
/* End PBXContainerItemProxy section */

/* Begin PBXFileReference section */
		130D611329674702005DC0B7 /* AuthTemplate.app */ = {isa = PBXFileReference; explicitFileType = wrapper.application; includeInIndex = 0; path = AuthTemplate.app; sourceTree = BUILT_PRODUCTS_DIR; };
		130D611629674702005DC0B7 /* AuthTemplateApp.swift */ = {isa = PBXFileReference; lastKnownFileType = sourcecode.swift; path = AuthTemplateApp.swift; sourceTree = "<group>"; };
		130D611829674702005DC0B7 /* ContentView.swift */ = {isa = PBXFileReference; lastKnownFileType = sourcecode.swift; path = ContentView.swift; sourceTree = "<group>"; };
		130D611A29674704005DC0B7 /* Assets.xcassets */ = {isa = PBXFileReference; lastKnownFileType = folder.assetcatalog; path = Assets.xcassets; sourceTree = "<group>"; };
		130D611D29674704005DC0B7 /* Preview Assets.xcassets */ = {isa = PBXFileReference; lastKnownFileType = folder.assetcatalog; path = "Preview Assets.xcassets"; sourceTree = "<group>"; };
		130D612329674704005DC0B7 /* AuthTemplateTests.xctest */ = {isa = PBXFileReference; explicitFileType = wrapper.cfbundle; includeInIndex = 0; path = AuthTemplateTests.xctest; sourceTree = BUILT_PRODUCTS_DIR; };
		130D612729674704005DC0B7 /* AuthTemplateTests.swift */ = {isa = PBXFileReference; lastKnownFileType = sourcecode.swift; path = AuthTemplateTests.swift; sourceTree = "<group>"; };
		130D612D29674704005DC0B7 /* AuthTemplateUITests.xctest */ = {isa = PBXFileReference; explicitFileType = wrapper.cfbundle; includeInIndex = 0; path = AuthTemplateUITests.xctest; sourceTree = BUILT_PRODUCTS_DIR; };
		130D613129674704005DC0B7 /* AuthTemplateUITests.swift */ = {isa = PBXFileReference; lastKnownFileType = sourcecode.swift; path = AuthTemplateUITests.swift; sourceTree = "<group>"; };
		130D613329674704005DC0B7 /* AuthTemplateUITestsLaunchTests.swift */ = {isa = PBXFileReference; lastKnownFileType = sourcecode.swift; path = AuthTemplateUITestsLaunchTests.swift; sourceTree = "<group>"; };
		130D614729674E60005DC0B7 /* ContentViewModel.swift */ = {isa = PBXFileReference; lastKnownFileType = sourcecode.swift; path = ContentViewModel.swift; sourceTree = "<group>"; };
		130D617129675415005DC0B7 /* Info.plist */ = {isa = PBXFileReference; lastKnownFileType = text.plist; path = Info.plist; sourceTree = "<group>"; };
		130D617529675660005DC0B7 /* LoginOptionsView.swift */ = {isa = PBXFileReference; lastKnownFileType = sourcecode.swift; path = LoginOptionsView.swift; sourceTree = "<group>"; };
		130D617729675758005DC0B7 /* LoginOptionsViewModel.swift */ = {isa = PBXFileReference; lastKnownFileType = sourcecode.swift; path = LoginOptionsViewModel.swift; sourceTree = "<group>"; };
		130D617B29675A28005DC0B7 /* EmailSignUpView.swift */ = {isa = PBXFileReference; lastKnownFileType = sourcecode.swift; path = EmailSignUpView.swift; sourceTree = "<group>"; };
		130D6180296764ED005DC0B7 /* AuthenticationViewModel.swift */ = {isa = PBXFileReference; lastKnownFileType = sourcecode.swift; path = AuthenticationViewModel.swift; sourceTree = "<group>"; };
		130D618329676C3A005DC0B7 /* AuthTemplate.entitlements */ = {isa = PBXFileReference; lastKnownFileType = text.plist.entitlements; path = AuthTemplate.entitlements; sourceTree = "<group>"; };
		130D618829677623005DC0B7 /* AuthenticatedView.swift */ = {isa = PBXFileReference; lastKnownFileType = sourcecode.swift; path = AuthenticatedView.swift; sourceTree = "<group>"; };
		13750BCA2969923B00DCCF54 /* UIApplication+Extension.swift */ = {isa = PBXFileReference; lastKnownFileType = sourcecode.swift; path = "UIApplication+Extension.swift"; sourceTree = "<group>"; };
		13750BCC2969926800DCCF54 /* GoogleAuthorization.swift */ = {isa = PBXFileReference; lastKnownFileType = sourcecode.swift; path = GoogleAuthorization.swift; sourceTree = "<group>"; };
		13750BD3296B148A00DCCF54 /* GoogleService-Info.plist */ = {isa = PBXFileReference; fileEncoding = 4; lastKnownFileType = text.plist.xml; path = "GoogleService-Info.plist"; sourceTree = "<group>"; };
		13A698E429680F770010AAF5 /* HomeView.swift */ = {isa = PBXFileReference; lastKnownFileType = sourcecode.swift; path = HomeView.swift; sourceTree = "<group>"; };
		13A698E7296810570010AAF5 /* UserProfileView.swift */ = {isa = PBXFileReference; lastKnownFileType = sourcecode.swift; path = UserProfileView.swift; sourceTree = "<group>"; };
		13A698E929681A8A0010AAF5 /* AuthenticationView.swift */ = {isa = PBXFileReference; lastKnownFileType = sourcecode.swift; path = AuthenticationView.swift; sourceTree = "<group>"; };
		13A698EB29681C5D0010AAF5 /* EmailSignInView.swift */ = {isa = PBXFileReference; lastKnownFileType = sourcecode.swift; path = EmailSignInView.swift; sourceTree = "<group>"; };
		13D61F132968465E005B4D0D /* EmailAuthorization.swift */ = {isa = PBXFileReference; lastKnownFileType = sourcecode.swift; path = EmailAuthorization.swift; sourceTree = "<group>"; };
		13D61F1529684688005B4D0D /* AppleAuthorization.swift */ = {isa = PBXFileReference; lastKnownFileType = sourcecode.swift; path = AppleAuthorization.swift; sourceTree = "<group>"; };
/* End PBXFileReference section */

/* Begin PBXFrameworksBuildPhase section */
		130D611029674702005DC0B7 /* Frameworks */ = {
			isa = PBXFrameworksBuildPhase;
			buildActionMask = 2147483647;
			files = (
				130D61702967525C005DC0B7 /* FirebaseFirestoreSwift in Frameworks */,
				130D61682967525C005DC0B7 /* FirebaseAnalytics in Frameworks */,
				13750BC829697EC800DCCF54 /* GoogleSignInSwift in Frameworks */,
				130D616E2967525C005DC0B7 /* FirebaseFirestore in Frameworks */,
				130D616C2967525C005DC0B7 /* FirebaseAuthCombine-Community in Frameworks */,
				130D616A2967525C005DC0B7 /* FirebaseAuth in Frameworks */,
				13750BC629697EC800DCCF54 /* GoogleSignIn in Frameworks */,
			);
			runOnlyForDeploymentPostprocessing = 0;
		};
		130D612029674704005DC0B7 /* Frameworks */ = {
			isa = PBXFrameworksBuildPhase;
			buildActionMask = 2147483647;
			files = (
			);
			runOnlyForDeploymentPostprocessing = 0;
		};
		130D612A29674704005DC0B7 /* Frameworks */ = {
			isa = PBXFrameworksBuildPhase;
			buildActionMask = 2147483647;
			files = (
			);
			runOnlyForDeploymentPostprocessing = 0;
		};
/* End PBXFrameworksBuildPhase section */

/* Begin PBXGroup section */
		130D610A29674702005DC0B7 = {
			isa = PBXGroup;
			children = (
				130D611529674702005DC0B7 /* AuthTemplate */,
				130D612629674704005DC0B7 /* AuthTemplateTests */,
				130D613029674704005DC0B7 /* AuthTemplateUITests */,
				130D611429674702005DC0B7 /* Products */,
			);
			sourceTree = "<group>";
		};
		130D611429674702005DC0B7 /* Products */ = {
			isa = PBXGroup;
			children = (
				130D611329674702005DC0B7 /* AuthTemplate.app */,
				130D612329674704005DC0B7 /* AuthTemplateTests.xctest */,
				130D612D29674704005DC0B7 /* AuthTemplateUITests.xctest */,
			);
			name = Products;
			sourceTree = "<group>";
		};
		130D611529674702005DC0B7 /* AuthTemplate */ = {
			isa = PBXGroup;
			children = (
				13750BD3296B148A00DCCF54 /* GoogleService-Info.plist */,
				13750BC92969922A00DCCF54 /* Extensions */,
				130D618329676C3A005DC0B7 /* AuthTemplate.entitlements */,
				130D6179296757FF005DC0B7 /* Authentication */,
				130D617129675415005DC0B7 /* Info.plist */,
				130D616429675013005DC0B7 /* App */,
				130D614529674E3A005DC0B7 /* Views */,
				130D611A29674704005DC0B7 /* Assets.xcassets */,
				130D611C29674704005DC0B7 /* Preview Content */,
			);
			path = AuthTemplate;
			sourceTree = "<group>";
		};
		130D611C29674704005DC0B7 /* Preview Content */ = {
			isa = PBXGroup;
			children = (
				130D611D29674704005DC0B7 /* Preview Assets.xcassets */,
			);
			path = "Preview Content";
			sourceTree = "<group>";
		};
		130D612629674704005DC0B7 /* AuthTemplateTests */ = {
			isa = PBXGroup;
			children = (
				130D612729674704005DC0B7 /* AuthTemplateTests.swift */,
			);
			path = AuthTemplateTests;
			sourceTree = "<group>";
		};
		130D613029674704005DC0B7 /* AuthTemplateUITests */ = {
			isa = PBXGroup;
			children = (
				130D613129674704005DC0B7 /* AuthTemplateUITests.swift */,
				130D613329674704005DC0B7 /* AuthTemplateUITestsLaunchTests.swift */,
			);
			path = AuthTemplateUITests;
			sourceTree = "<group>";
		};
		130D614529674E3A005DC0B7 /* Views */ = {
			isa = PBXGroup;
			children = (
				13A698E6296810470010AAF5 /* UserProfile */,
				13A698E329680F270010AAF5 /* Home */,
				130D6174296755EB005DC0B7 /* LoginOptions */,
				130D614629674E43005DC0B7 /* Content */,
			);
			path = Views;
			sourceTree = "<group>";
		};
		130D614629674E43005DC0B7 /* Content */ = {
			isa = PBXGroup;
			children = (
				130D611829674702005DC0B7 /* ContentView.swift */,
				130D614729674E60005DC0B7 /* ContentViewModel.swift */,
			);
			path = Content;
			sourceTree = "<group>";
		};
		130D616429675013005DC0B7 /* App */ = {
			isa = PBXGroup;
			children = (
				130D611629674702005DC0B7 /* AuthTemplateApp.swift */,
			);
			path = App;
			sourceTree = "<group>";
		};
		130D6174296755EB005DC0B7 /* LoginOptions */ = {
			isa = PBXGroup;
			children = (
				130D617529675660005DC0B7 /* LoginOptionsView.swift */,
				130D617729675758005DC0B7 /* LoginOptionsViewModel.swift */,
			);
			path = LoginOptions;
			sourceTree = "<group>";
		};
		130D6179296757FF005DC0B7 /* Authentication */ = {
			isa = PBXGroup;
			children = (
				13750BCE2969928B00DCCF54 /* Views */,
				13D61F1229684649005B4D0D /* Helpers */,
				130D6180296764ED005DC0B7 /* AuthenticationViewModel.swift */,
			);
			path = Authentication;
			sourceTree = "<group>";
		};
		130D617A2967581D005DC0B7 /* EmailAuth */ = {
			isa = PBXGroup;
			children = (
				130D617B29675A28005DC0B7 /* EmailSignUpView.swift */,
				13A698EB29681C5D0010AAF5 /* EmailSignInView.swift */,
			);
			path = EmailAuth;
			sourceTree = "<group>";
		};
		13750BC92969922A00DCCF54 /* Extensions */ = {
			isa = PBXGroup;
			children = (
				13750BCA2969923B00DCCF54 /* UIApplication+Extension.swift */,
			);
			path = Extensions;
			sourceTree = "<group>";
		};
		13750BCE2969928B00DCCF54 /* Views */ = {
			isa = PBXGroup;
			children = (
				130D618829677623005DC0B7 /* AuthenticatedView.swift */,
				13A698E929681A8A0010AAF5 /* AuthenticationView.swift */,
				130D617A2967581D005DC0B7 /* EmailAuth */,
			);
			path = Views;
			sourceTree = "<group>";
		};
		13A698E329680F270010AAF5 /* Home */ = {
			isa = PBXGroup;
			children = (
				13A698E429680F770010AAF5 /* HomeView.swift */,
			);
			path = Home;
			sourceTree = "<group>";
		};
		13A698E6296810470010AAF5 /* UserProfile */ = {
			isa = PBXGroup;
			children = (
				13A698E7296810570010AAF5 /* UserProfileView.swift */,
			);
			path = UserProfile;
			sourceTree = "<group>";
		};
		13D61F1229684649005B4D0D /* Helpers */ = {
			isa = PBXGroup;
			children = (
				13D61F132968465E005B4D0D /* EmailAuthorization.swift */,
				13D61F1529684688005B4D0D /* AppleAuthorization.swift */,
				13750BCC2969926800DCCF54 /* GoogleAuthorization.swift */,
			);
			path = Helpers;
			sourceTree = "<group>";
		};
/* End PBXGroup section */

/* Begin PBXNativeTarget section */
		130D611229674702005DC0B7 /* AuthTemplate */ = {
			isa = PBXNativeTarget;
			buildConfigurationList = 130D613729674704005DC0B7 /* Build configuration list for PBXNativeTarget "AuthTemplate" */;
			buildPhases = (
				130D610F29674702005DC0B7 /* Sources */,
				130D611029674702005DC0B7 /* Frameworks */,
				130D611129674702005DC0B7 /* Resources */,
			);
			buildRules = (
			);
			dependencies = (
			);
			name = AuthTemplate;
			packageProductDependencies = (
				130D61672967525C005DC0B7 /* FirebaseAnalytics */,
				130D61692967525C005DC0B7 /* FirebaseAuth */,
				130D616B2967525C005DC0B7 /* FirebaseAuthCombine-Community */,
				130D616D2967525C005DC0B7 /* FirebaseFirestore */,
				130D616F2967525C005DC0B7 /* FirebaseFirestoreSwift */,
				13750BC529697EC800DCCF54 /* GoogleSignIn */,
				13750BC729697EC800DCCF54 /* GoogleSignInSwift */,
			);
			productName = AuthTemplate;
			productReference = 130D611329674702005DC0B7 /* AuthTemplate.app */;
			productType = "com.apple.product-type.application";
		};
		130D612229674704005DC0B7 /* AuthTemplateTests */ = {
			isa = PBXNativeTarget;
			buildConfigurationList = 130D613A29674704005DC0B7 /* Build configuration list for PBXNativeTarget "AuthTemplateTests" */;
			buildPhases = (
				130D611F29674704005DC0B7 /* Sources */,
				130D612029674704005DC0B7 /* Frameworks */,
				130D612129674704005DC0B7 /* Resources */,
			);
			buildRules = (
			);
			dependencies = (
				130D612529674704005DC0B7 /* PBXTargetDependency */,
			);
			name = AuthTemplateTests;
			productName = AuthTemplateTests;
			productReference = 130D612329674704005DC0B7 /* AuthTemplateTests.xctest */;
			productType = "com.apple.product-type.bundle.unit-test";
		};
		130D612C29674704005DC0B7 /* AuthTemplateUITests */ = {
			isa = PBXNativeTarget;
			buildConfigurationList = 130D613D29674704005DC0B7 /* Build configuration list for PBXNativeTarget "AuthTemplateUITests" */;
			buildPhases = (
				130D612929674704005DC0B7 /* Sources */,
				130D612A29674704005DC0B7 /* Frameworks */,
				130D612B29674704005DC0B7 /* Resources */,
			);
			buildRules = (
			);
			dependencies = (
				130D612F29674704005DC0B7 /* PBXTargetDependency */,
			);
			name = AuthTemplateUITests;
			productName = AuthTemplateUITests;
			productReference = 130D612D29674704005DC0B7 /* AuthTemplateUITests.xctest */;
			productType = "com.apple.product-type.bundle.ui-testing";
		};
/* End PBXNativeTarget section */

/* Begin PBXProject section */
		130D610B29674702005DC0B7 /* Project object */ = {
			isa = PBXProject;
			attributes = {
				BuildIndependentTargetsInParallel = 1;
				LastSwiftUpdateCheck = 1420;
				LastUpgradeCheck = 1420;
				TargetAttributes = {
					130D611229674702005DC0B7 = {
						CreatedOnToolsVersion = 14.2;
					};
					130D612229674704005DC0B7 = {
						CreatedOnToolsVersion = 14.2;
						TestTargetID = 130D611229674702005DC0B7;
					};
					130D612C29674704005DC0B7 = {
						CreatedOnToolsVersion = 14.2;
						TestTargetID = 130D611229674702005DC0B7;
					};
				};
			};
			buildConfigurationList = 130D610E29674702005DC0B7 /* Build configuration list for PBXProject "AuthTemplate" */;
			compatibilityVersion = "Xcode 14.0";
			developmentRegion = en;
			hasScannedForEncodings = 0;
			knownRegions = (
				en,
				Base,
			);
			mainGroup = 130D610A29674702005DC0B7;
			packageReferences = (
				130D61662967525C005DC0B7 /* XCRemoteSwiftPackageReference "firebase-ios-sdk" */,
				13750BC429697EC800DCCF54 /* XCRemoteSwiftPackageReference "GoogleSignIn-iOS" */,
			);
			productRefGroup = 130D611429674702005DC0B7 /* Products */;
			projectDirPath = "";
			projectRoot = "";
			targets = (
				130D611229674702005DC0B7 /* AuthTemplate */,
				130D612229674704005DC0B7 /* AuthTemplateTests */,
				130D612C29674704005DC0B7 /* AuthTemplateUITests */,
			);
		};
/* End PBXProject section */

/* Begin PBXResourcesBuildPhase section */
		130D611129674702005DC0B7 /* Resources */ = {
			isa = PBXResourcesBuildPhase;
			buildActionMask = 2147483647;
			files = (
				130D611E29674704005DC0B7 /* Preview Assets.xcassets in Resources */,
				130D611B29674704005DC0B7 /* Assets.xcassets in Resources */,
				13750BD4296B148A00DCCF54 /* GoogleService-Info.plist in Resources */,
			);
			runOnlyForDeploymentPostprocessing = 0;
		};
		130D612129674704005DC0B7 /* Resources */ = {
			isa = PBXResourcesBuildPhase;
			buildActionMask = 2147483647;
			files = (
			);
			runOnlyForDeploymentPostprocessing = 0;
		};
		130D612B29674704005DC0B7 /* Resources */ = {
			isa = PBXResourcesBuildPhase;
			buildActionMask = 2147483647;
			files = (
			);
			runOnlyForDeploymentPostprocessing = 0;
		};
/* End PBXResourcesBuildPhase section */

/* Begin PBXSourcesBuildPhase section */
		130D610F29674702005DC0B7 /* Sources */ = {
			isa = PBXSourcesBuildPhase;
			buildActionMask = 2147483647;
			files = (
				130D617629675660005DC0B7 /* LoginOptionsView.swift in Sources */,
				13A698EA29681A8A0010AAF5 /* AuthenticationView.swift in Sources */,
				13750BCD2969926800DCCF54 /* GoogleAuthorization.swift in Sources */,
				130D617829675758005DC0B7 /* LoginOptionsViewModel.swift in Sources */,
				13A698EC29681C5D0010AAF5 /* EmailSignInView.swift in Sources */,
				13A698E529680F770010AAF5 /* HomeView.swift in Sources */,
				13D61F142968465E005B4D0D /* EmailAuthorization.swift in Sources */,
				130D617C29675A28005DC0B7 /* EmailSignUpView.swift in Sources */,
				130D618929677623005DC0B7 /* AuthenticatedView.swift in Sources */,
				130D6181296764ED005DC0B7 /* AuthenticationViewModel.swift in Sources */,
				13A698E8296810570010AAF5 /* UserProfileView.swift in Sources */,
				13D61F1629684688005B4D0D /* AppleAuthorization.swift in Sources */,
				130D614829674E60005DC0B7 /* ContentViewModel.swift in Sources */,
				130D611929674702005DC0B7 /* ContentView.swift in Sources */,
				13750BCB2969923B00DCCF54 /* UIApplication+Extension.swift in Sources */,
				130D611729674702005DC0B7 /* AuthTemplateApp.swift in Sources */,
			);
			runOnlyForDeploymentPostprocessing = 0;
		};
		130D611F29674704005DC0B7 /* Sources */ = {
			isa = PBXSourcesBuildPhase;
			buildActionMask = 2147483647;
			files = (
				130D612829674704005DC0B7 /* AuthTemplateTests.swift in Sources */,
			);
			runOnlyForDeploymentPostprocessing = 0;
		};
		130D612929674704005DC0B7 /* Sources */ = {
			isa = PBXSourcesBuildPhase;
			buildActionMask = 2147483647;
			files = (
				130D613429674704005DC0B7 /* AuthTemplateUITestsLaunchTests.swift in Sources */,
				130D613229674704005DC0B7 /* AuthTemplateUITests.swift in Sources */,
			);
			runOnlyForDeploymentPostprocessing = 0;
		};
/* End PBXSourcesBuildPhase section */

/* Begin PBXTargetDependency section */
		130D612529674704005DC0B7 /* PBXTargetDependency */ = {
			isa = PBXTargetDependency;
			target = 130D611229674702005DC0B7 /* AuthTemplate */;
			targetProxy = 130D612429674704005DC0B7 /* PBXContainerItemProxy */;
		};
		130D612F29674704005DC0B7 /* PBXTargetDependency */ = {
			isa = PBXTargetDependency;
			target = 130D611229674702005DC0B7 /* AuthTemplate */;
			targetProxy = 130D612E29674704005DC0B7 /* PBXContainerItemProxy */;
		};
/* End PBXTargetDependency section */

/* Begin XCBuildConfiguration section */
		130D613529674704005DC0B7 /* Debug */ = {
			isa = XCBuildConfiguration;
			buildSettings = {
				ALWAYS_SEARCH_USER_PATHS = NO;
				CLANG_ANALYZER_NONNULL = YES;
				CLANG_ANALYZER_NUMBER_OBJECT_CONVERSION = YES_AGGRESSIVE;
				CLANG_CXX_LANGUAGE_STANDARD = "gnu++20";
				CLANG_ENABLE_MODULES = YES;
				CLANG_ENABLE_OBJC_ARC = YES;
				CLANG_ENABLE_OBJC_WEAK = YES;
				CLANG_WARN_BLOCK_CAPTURE_AUTORELEASING = YES;
				CLANG_WARN_BOOL_CONVERSION = YES;
				CLANG_WARN_COMMA = YES;
				CLANG_WARN_CONSTANT_CONVERSION = YES;
				CLANG_WARN_DEPRECATED_OBJC_IMPLEMENTATIONS = YES;
				CLANG_WARN_DIRECT_OBJC_ISA_USAGE = YES_ERROR;
				CLANG_WARN_DOCUMENTATION_COMMENTS = YES;
				CLANG_WARN_EMPTY_BODY = YES;
				CLANG_WARN_ENUM_CONVERSION = YES;
				CLANG_WARN_INFINITE_RECURSION = YES;
				CLANG_WARN_INT_CONVERSION = YES;
				CLANG_WARN_NON_LITERAL_NULL_CONVERSION = YES;
				CLANG_WARN_OBJC_IMPLICIT_RETAIN_SELF = YES;
				CLANG_WARN_OBJC_LITERAL_CONVERSION = YES;
				CLANG_WARN_OBJC_ROOT_CLASS = YES_ERROR;
				CLANG_WARN_QUOTED_INCLUDE_IN_FRAMEWORK_HEADER = YES;
				CLANG_WARN_RANGE_LOOP_ANALYSIS = YES;
				CLANG_WARN_STRICT_PROTOTYPES = YES;
				CLANG_WARN_SUSPICIOUS_MOVE = YES;
				CLANG_WARN_UNGUARDED_AVAILABILITY = YES_AGGRESSIVE;
				CLANG_WARN_UNREACHABLE_CODE = YES;
				CLANG_WARN__DUPLICATE_METHOD_MATCH = YES;
				COPY_PHASE_STRIP = NO;
				DEBUG_INFORMATION_FORMAT = dwarf;
				ENABLE_STRICT_OBJC_MSGSEND = YES;
				ENABLE_TESTABILITY = YES;
				GCC_C_LANGUAGE_STANDARD = gnu11;
				GCC_DYNAMIC_NO_PIC = NO;
				GCC_NO_COMMON_BLOCKS = YES;
				GCC_OPTIMIZATION_LEVEL = 0;
				GCC_PREPROCESSOR_DEFINITIONS = (
					"DEBUG=1",
					"$(inherited)",
				);
				GCC_WARN_64_TO_32_BIT_CONVERSION = YES;
				GCC_WARN_ABOUT_RETURN_TYPE = YES_ERROR;
				GCC_WARN_UNDECLARED_SELECTOR = YES;
				GCC_WARN_UNINITIALIZED_AUTOS = YES_AGGRESSIVE;
				GCC_WARN_UNUSED_FUNCTION = YES;
				GCC_WARN_UNUSED_VARIABLE = YES;
				IPHONEOS_DEPLOYMENT_TARGET = 16.2;
				MTL_ENABLE_DEBUG_INFO = INCLUDE_SOURCE;
				MTL_FAST_MATH = YES;
				ONLY_ACTIVE_ARCH = YES;
				SDKROOT = iphoneos;
				SWIFT_ACTIVE_COMPILATION_CONDITIONS = DEBUG;
				SWIFT_OPTIMIZATION_LEVEL = "-Onone";
			};
			name = Debug;
		};
		130D613629674704005DC0B7 /* Release */ = {
			isa = XCBuildConfiguration;
			buildSettings = {
				ALWAYS_SEARCH_USER_PATHS = NO;
				CLANG_ANALYZER_NONNULL = YES;
				CLANG_ANALYZER_NUMBER_OBJECT_CONVERSION = YES_AGGRESSIVE;
				CLANG_CXX_LANGUAGE_STANDARD = "gnu++20";
				CLANG_ENABLE_MODULES = YES;
				CLANG_ENABLE_OBJC_ARC = YES;
				CLANG_ENABLE_OBJC_WEAK = YES;
				CLANG_WARN_BLOCK_CAPTURE_AUTORELEASING = YES;
				CLANG_WARN_BOOL_CONVERSION = YES;
				CLANG_WARN_COMMA = YES;
				CLANG_WARN_CONSTANT_CONVERSION = YES;
				CLANG_WARN_DEPRECATED_OBJC_IMPLEMENTATIONS = YES;
				CLANG_WARN_DIRECT_OBJC_ISA_USAGE = YES_ERROR;
				CLANG_WARN_DOCUMENTATION_COMMENTS = YES;
				CLANG_WARN_EMPTY_BODY = YES;
				CLANG_WARN_ENUM_CONVERSION = YES;
				CLANG_WARN_INFINITE_RECURSION = YES;
				CLANG_WARN_INT_CONVERSION = YES;
				CLANG_WARN_NON_LITERAL_NULL_CONVERSION = YES;
				CLANG_WARN_OBJC_IMPLICIT_RETAIN_SELF = YES;
				CLANG_WARN_OBJC_LITERAL_CONVERSION = YES;
				CLANG_WARN_OBJC_ROOT_CLASS = YES_ERROR;
				CLANG_WARN_QUOTED_INCLUDE_IN_FRAMEWORK_HEADER = YES;
				CLANG_WARN_RANGE_LOOP_ANALYSIS = YES;
				CLANG_WARN_STRICT_PROTOTYPES = YES;
				CLANG_WARN_SUSPICIOUS_MOVE = YES;
				CLANG_WARN_UNGUARDED_AVAILABILITY = YES_AGGRESSIVE;
				CLANG_WARN_UNREACHABLE_CODE = YES;
				CLANG_WARN__DUPLICATE_METHOD_MATCH = YES;
				COPY_PHASE_STRIP = NO;
				DEBUG_INFORMATION_FORMAT = "dwarf-with-dsym";
				ENABLE_NS_ASSERTIONS = NO;
				ENABLE_STRICT_OBJC_MSGSEND = YES;
				GCC_C_LANGUAGE_STANDARD = gnu11;
				GCC_NO_COMMON_BLOCKS = YES;
				GCC_WARN_64_TO_32_BIT_CONVERSION = YES;
				GCC_WARN_ABOUT_RETURN_TYPE = YES_ERROR;
				GCC_WARN_UNDECLARED_SELECTOR = YES;
				GCC_WARN_UNINITIALIZED_AUTOS = YES_AGGRESSIVE;
				GCC_WARN_UNUSED_FUNCTION = YES;
				GCC_WARN_UNUSED_VARIABLE = YES;
				IPHONEOS_DEPLOYMENT_TARGET = 16.2;
				MTL_ENABLE_DEBUG_INFO = NO;
				MTL_FAST_MATH = YES;
				SDKROOT = iphoneos;
				SWIFT_COMPILATION_MODE = wholemodule;
				SWIFT_OPTIMIZATION_LEVEL = "-O";
				VALIDATE_PRODUCT = YES;
			};
			name = Release;
		};
		130D613829674704005DC0B7 /* Debug */ = {
			isa = XCBuildConfiguration;
			buildSettings = {
				ASSETCATALOG_COMPILER_APPICON_NAME = AppIcon;
				ASSETCATALOG_COMPILER_GLOBAL_ACCENT_COLOR_NAME = AccentColor;
				CLIENT_ID = "108229990717-v7dk3l96ihk1spoo510vagellkmatn1a.apps.googleusercontent.com";
				CODE_SIGN_ENTITLEMENTS = AuthTemplate/AuthTemplate.entitlements;
				CODE_SIGN_STYLE = Automatic;
				CURRENT_PROJECT_VERSION = 1;
				DEVELOPMENT_ASSET_PATHS = "\"AuthTemplate/Preview Content\"";
				DEVELOPMENT_TEAM = 9AKL82KSN5;
				ENABLE_PREVIEWS = YES;
				GENERATE_INFOPLIST_FILE = YES;
				INFOPLIST_FILE = AuthTemplate/Info.plist;
				INFOPLIST_KEY_UIApplicationSupportsIndirectInputEvents = YES;
				INFOPLIST_KEY_UILaunchScreen_Generation = YES;
				INFOPLIST_KEY_UISupportedInterfaceOrientations_iPad = "UIInterfaceOrientationPortrait UIInterfaceOrientationPortraitUpsideDown UIInterfaceOrientationLandscapeLeft UIInterfaceOrientationLandscapeRight";
				INFOPLIST_KEY_UISupportedInterfaceOrientations_iPhone = "UIInterfaceOrientationPortrait UIInterfaceOrientationLandscapeLeft UIInterfaceOrientationLandscapeRight";
				LD_RUNPATH_SEARCH_PATHS = (
					"$(inherited)",
					"@executable_path/Frameworks",
				);
				MARKETING_VERSION = 1.0;
				PRODUCT_BUNDLE_IDENTIFIER = com.miltenkot.AuthTemplate;
				PRODUCT_NAME = "$(TARGET_NAME)";
				REVERSED_CLIENT_ID = "com.googleusercontent.apps.108229990717-v7dk3l96ihk1spoo510vagellkmatn1a";
				SWIFT_EMIT_LOC_STRINGS = YES;
				SWIFT_VERSION = 5.0;
				TARGETED_DEVICE_FAMILY = "1,2";
			};
			name = Debug;
		};
		130D613929674704005DC0B7 /* Release */ = {
			isa = XCBuildConfiguration;
			buildSettings = {
				ASSETCATALOG_COMPILER_APPICON_NAME = AppIcon;
				ASSETCATALOG_COMPILER_GLOBAL_ACCENT_COLOR_NAME = AccentColor;
				CLIENT_ID = "108229990717-v7dk3l96ihk1spoo510vagellkmatn1a.apps.googleusercontent.com";
				CODE_SIGN_ENTITLEMENTS = AuthTemplate/AuthTemplate.entitlements;
				CODE_SIGN_STYLE = Automatic;
				CURRENT_PROJECT_VERSION = 1;
				DEVELOPMENT_ASSET_PATHS = "\"AuthTemplate/Preview Content\"";
				DEVELOPMENT_TEAM = 9AKL82KSN5;
				ENABLE_PREVIEWS = YES;
				GENERATE_INFOPLIST_FILE = YES;
				INFOPLIST_FILE = AuthTemplate/Info.plist;
				INFOPLIST_KEY_UIApplicationSupportsIndirectInputEvents = YES;
				INFOPLIST_KEY_UILaunchScreen_Generation = YES;
				INFOPLIST_KEY_UISupportedInterfaceOrientations_iPad = "UIInterfaceOrientationPortrait UIInterfaceOrientationPortraitUpsideDown UIInterfaceOrientationLandscapeLeft UIInterfaceOrientationLandscapeRight";
				INFOPLIST_KEY_UISupportedInterfaceOrientations_iPhone = "UIInterfaceOrientationPortrait UIInterfaceOrientationLandscapeLeft UIInterfaceOrientationLandscapeRight";
				LD_RUNPATH_SEARCH_PATHS = (
					"$(inherited)",
					"@executable_path/Frameworks",
				);
				MARKETING_VERSION = 1.0;
				PRODUCT_BUNDLE_IDENTIFIER = com.miltenkot.AuthTemplate;
				PRODUCT_NAME = "$(TARGET_NAME)";
				REVERSED_CLIENT_ID = "com.googleusercontent.apps.108229990717-v7dk3l96ihk1spoo510vagellkmatn1a";
				SWIFT_EMIT_LOC_STRINGS = YES;
				SWIFT_VERSION = 5.0;
				TARGETED_DEVICE_FAMILY = "1,2";
			};
			name = Release;
		};
		130D613B29674704005DC0B7 /* Debug */ = {
			isa = XCBuildConfiguration;
			buildSettings = {
				ALWAYS_EMBED_SWIFT_STANDARD_LIBRARIES = YES;
				BUNDLE_LOADER = "$(TEST_HOST)";
				CODE_SIGN_STYLE = Automatic;
				CURRENT_PROJECT_VERSION = 1;
				DEVELOPMENT_TEAM = 9AKL82KSN5;
				GENERATE_INFOPLIST_FILE = YES;
				IPHONEOS_DEPLOYMENT_TARGET = 16.2;
				MARKETING_VERSION = 1.0;
				PRODUCT_BUNDLE_IDENTIFIER = miltenkot.com.AuthTemplateTests;
				PRODUCT_NAME = "$(TARGET_NAME)";
				SWIFT_EMIT_LOC_STRINGS = NO;
				SWIFT_VERSION = 5.0;
				TARGETED_DEVICE_FAMILY = "1,2";
				TEST_HOST = "$(BUILT_PRODUCTS_DIR)/AuthTemplate.app/$(BUNDLE_EXECUTABLE_FOLDER_PATH)/AuthTemplate";
			};
			name = Debug;
		};
		130D613C29674704005DC0B7 /* Release */ = {
			isa = XCBuildConfiguration;
			buildSettings = {
				ALWAYS_EMBED_SWIFT_STANDARD_LIBRARIES = YES;
				BUNDLE_LOADER = "$(TEST_HOST)";
				CODE_SIGN_STYLE = Automatic;
				CURRENT_PROJECT_VERSION = 1;
				DEVELOPMENT_TEAM = 9AKL82KSN5;
				GENERATE_INFOPLIST_FILE = YES;
				IPHONEOS_DEPLOYMENT_TARGET = 16.2;
				MARKETING_VERSION = 1.0;
				PRODUCT_BUNDLE_IDENTIFIER = miltenkot.com.AuthTemplateTests;
				PRODUCT_NAME = "$(TARGET_NAME)";
				SWIFT_EMIT_LOC_STRINGS = NO;
				SWIFT_VERSION = 5.0;
				TARGETED_DEVICE_FAMILY = "1,2";
				TEST_HOST = "$(BUILT_PRODUCTS_DIR)/AuthTemplate.app/$(BUNDLE_EXECUTABLE_FOLDER_PATH)/AuthTemplate";
			};
			name = Release;
		};
		130D613E29674704005DC0B7 /* Debug */ = {
			isa = XCBuildConfiguration;
			buildSettings = {
				ALWAYS_EMBED_SWIFT_STANDARD_LIBRARIES = YES;
				CODE_SIGN_STYLE = Automatic;
				CURRENT_PROJECT_VERSION = 1;
				DEVELOPMENT_TEAM = 9AKL82KSN5;
				GENERATE_INFOPLIST_FILE = YES;
				MARKETING_VERSION = 1.0;
				PRODUCT_BUNDLE_IDENTIFIER = miltenkot.com.AuthTemplateUITests;
				PRODUCT_NAME = "$(TARGET_NAME)";
				SWIFT_EMIT_LOC_STRINGS = NO;
				SWIFT_VERSION = 5.0;
				TARGETED_DEVICE_FAMILY = "1,2";
				TEST_TARGET_NAME = AuthTemplate;
			};
			name = Debug;
		};
		130D613F29674704005DC0B7 /* Release */ = {
			isa = XCBuildConfiguration;
			buildSettings = {
				ALWAYS_EMBED_SWIFT_STANDARD_LIBRARIES = YES;
				CODE_SIGN_STYLE = Automatic;
				CURRENT_PROJECT_VERSION = 1;
				DEVELOPMENT_TEAM = 9AKL82KSN5;
				GENERATE_INFOPLIST_FILE = YES;
				MARKETING_VERSION = 1.0;
				PRODUCT_BUNDLE_IDENTIFIER = miltenkot.com.AuthTemplateUITests;
				PRODUCT_NAME = "$(TARGET_NAME)";
				SWIFT_EMIT_LOC_STRINGS = NO;
				SWIFT_VERSION = 5.0;
				TARGETED_DEVICE_FAMILY = "1,2";
				TEST_TARGET_NAME = AuthTemplate;
			};
			name = Release;
		};
/* End XCBuildConfiguration section */

/* Begin XCConfigurationList section */
		130D610E29674702005DC0B7 /* Build configuration list for PBXProject "AuthTemplate" */ = {
			isa = XCConfigurationList;
			buildConfigurations = (
				130D613529674704005DC0B7 /* Debug */,
				130D613629674704005DC0B7 /* Release */,
			);
			defaultConfigurationIsVisible = 0;
			defaultConfigurationName = Release;
		};
		130D613729674704005DC0B7 /* Build configuration list for PBXNativeTarget "AuthTemplate" */ = {
			isa = XCConfigurationList;
			buildConfigurations = (
				130D613829674704005DC0B7 /* Debug */,
				130D613929674704005DC0B7 /* Release */,
			);
			defaultConfigurationIsVisible = 0;
			defaultConfigurationName = Release;
		};
		130D613A29674704005DC0B7 /* Build configuration list for PBXNativeTarget "AuthTemplateTests" */ = {
			isa = XCConfigurationList;
			buildConfigurations = (
				130D613B29674704005DC0B7 /* Debug */,
				130D613C29674704005DC0B7 /* Release */,
			);
			defaultConfigurationIsVisible = 0;
			defaultConfigurationName = Release;
		};
		130D613D29674704005DC0B7 /* Build configuration list for PBXNativeTarget "AuthTemplateUITests" */ = {
			isa = XCConfigurationList;
			buildConfigurations = (
				130D613E29674704005DC0B7 /* Debug */,
				130D613F29674704005DC0B7 /* Release */,
			);
			defaultConfigurationIsVisible = 0;
			defaultConfigurationName = Release;
		};
/* End XCConfigurationList section */

/* Begin XCRemoteSwiftPackageReference section */
		130D61662967525C005DC0B7 /* XCRemoteSwiftPackageReference "firebase-ios-sdk" */ = {
			isa = XCRemoteSwiftPackageReference;
			repositoryURL = "https://github.com/firebase/firebase-ios-sdk";
			requirement = {
				kind = upToNextMajorVersion;
				minimumVersion = 9.0.0;
			};
		};
		13750BC429697EC800DCCF54 /* XCRemoteSwiftPackageReference "GoogleSignIn-iOS" */ = {
			isa = XCRemoteSwiftPackageReference;
			repositoryURL = "https://github.com/google/GoogleSignIn-iOS.git";
			requirement = {
				kind = upToNextMajorVersion;
				minimumVersion = 7.0.0;
			};
		};
/* End XCRemoteSwiftPackageReference section */

/* Begin XCSwiftPackageProductDependency section */
		130D61672967525C005DC0B7 /* FirebaseAnalytics */ = {
			isa = XCSwiftPackageProductDependency;
			package = 130D61662967525C005DC0B7 /* XCRemoteSwiftPackageReference "firebase-ios-sdk" */;
			productName = FirebaseAnalytics;
		};
		130D61692967525C005DC0B7 /* FirebaseAuth */ = {
			isa = XCSwiftPackageProductDependency;
			package = 130D61662967525C005DC0B7 /* XCRemoteSwiftPackageReference "firebase-ios-sdk" */;
			productName = FirebaseAuth;
		};
		130D616B2967525C005DC0B7 /* FirebaseAuthCombine-Community */ = {
			isa = XCSwiftPackageProductDependency;
			package = 130D61662967525C005DC0B7 /* XCRemoteSwiftPackageReference "firebase-ios-sdk" */;
			productName = "FirebaseAuthCombine-Community";
		};
		130D616D2967525C005DC0B7 /* FirebaseFirestore */ = {
			isa = XCSwiftPackageProductDependency;
			package = 130D61662967525C005DC0B7 /* XCRemoteSwiftPackageReference "firebase-ios-sdk" */;
			productName = FirebaseFirestore;
		};
		130D616F2967525C005DC0B7 /* FirebaseFirestoreSwift */ = {
			isa = XCSwiftPackageProductDependency;
			package = 130D61662967525C005DC0B7 /* XCRemoteSwiftPackageReference "firebase-ios-sdk" */;
			productName = FirebaseFirestoreSwift;
		};
		13750BC529697EC800DCCF54 /* GoogleSignIn */ = {
			isa = XCSwiftPackageProductDependency;
			package = 13750BC429697EC800DCCF54 /* XCRemoteSwiftPackageReference "GoogleSignIn-iOS" */;
			productName = GoogleSignIn;
		};
		13750BC729697EC800DCCF54 /* GoogleSignInSwift */ = {
			isa = XCSwiftPackageProductDependency;
			package = 13750BC429697EC800DCCF54 /* XCRemoteSwiftPackageReference "GoogleSignIn-iOS" */;
			productName = GoogleSignInSwift;
		};
/* End XCSwiftPackageProductDependency section */
	};
	rootObject = 130D610B29674702005DC0B7 /* Project object */;
}
